
Microsoft Visual Studio Solution File, Format Version 12.00
# Visual Studio Version 17
VisualStudioVersion = 17.9.34622.214
MinimumVisualStudioVersion = 10.0.40219.1
Project("{9A19103F-16F7-4668-BE54-9A1E7A4F7556}") = "P01_HTML_Metinler-Paragraflar", "P01_HTML_Metinler-Paragraflar\P01_HTML_Metinler-Paragraflar.csproj", "{8C379881-A61E-4459-8802-64394EAA8CC8}"
EndProject
Project("{E24C65DC-7377-472B-9ABA-BC803B73C61A}") = "P02_HTML_Listeler", "P02_HTML_Listeler\", "{FB4F54E9-23FA-4150-AF7D-3B9CA9406E1B}"
	ProjectSection(WebsiteProperties) = preProject
		TargetFrameworkMoniker = ".NETFramework,Version%3Dv4.8"
		Debug.AspNetCompiler.VirtualPath = "/localhost_54520"
		Debug.AspNetCompiler.PhysicalPath = "P02_HTML_Listeler\"
		Debug.AspNetCompiler.TargetPath = "PrecompiledWeb\localhost_54520\"
		Debug.AspNetCompiler.Updateable = "true"
		Debug.AspNetCompiler.ForceOverwrite = "true"
		Debug.AspNetCompiler.FixedNames = "false"
		Debug.AspNetCompiler.Debug = "True"
		Release.AspNetCompiler.VirtualPath = "/localhost_54520"
		Release.AspNetCompiler.PhysicalPath = "P02_HTML_Listeler\"
		Release.AspNetCompiler.TargetPath = "PrecompiledWeb\localhost_54520\"
		Release.AspNetCompiler.Updateable = "true"
		Release.AspNetCompiler.ForceOverwrite = "true"
		Release.AspNetCompiler.FixedNames = "false"
		Release.AspNetCompiler.Debug = "False"
		VWDPort = "54520"
		SlnRelativePath = "P02_HTML_Listeler\"
		DefaultWebSiteLanguage = "Visual C#"
	EndProjectSection
EndProject
Project("{E24C65DC-7377-472B-9ABA-BC803B73C61A}") = "P03_HTML_Tablolar", "P03_HTML_Tablolar\", "{B114FA05-2AA2-42E0-A01D-191472386B27}"
	ProjectSection(WebsiteProperties) = preProject
		TargetFrameworkMoniker = ".NETFramework,Version%3Dv4.8"
		Debug.AspNetCompiler.VirtualPath = "/localhost_56139"
		Debug.AspNetCompiler.PhysicalPath = "P03_HTML_Tablolar\"
		Debug.AspNetCompiler.TargetPath = "PrecompiledWeb\localhost_56139\"
		Debug.AspNetCompiler.Updateable = "true"
		Debug.AspNetCompiler.ForceOverwrite = "true"
		Debug.AspNetCompiler.FixedNames = "false"
		Debug.AspNetCompiler.Debug = "True"
		Release.AspNetCompiler.VirtualPath = "/localhost_56139"
		Release.AspNetCompiler.PhysicalPath = "P03_HTML_Tablolar\"
		Release.AspNetCompiler.TargetPath = "PrecompiledWeb\localhost_56139\"
		Release.AspNetCompiler.Updateable = "true"
		Release.AspNetCompiler.ForceOverwrite = "true"
		Release.AspNetCompiler.FixedNames = "false"
		Release.AspNetCompiler.Debug = "False"
		VWDPort = "56139"
		SlnRelativePath = "P03_HTML_Tablolar\"
		DefaultWebSiteLanguage = "Visual C#"
	EndProjectSection
EndProject
Project("{E24C65DC-7377-472B-9ABA-BC803B73C61A}") = "P04_HTML_Linkler", "P04_HTML_Linkler\", "{B61775F2-F5B3-4C58-A4C4-730E98EF3585}"
	ProjectSection(WebsiteProperties) = preProject
		TargetFrameworkMoniker = ".NETFramework,Version%3Dv4.8"
		Debug.AspNetCompiler.VirtualPath = "/localhost_62369"
		Debug.AspNetCompiler.PhysicalPath = "P04_HTML_Linkler\"
		Debug.AspNetCompiler.TargetPath = "PrecompiledWeb\localhost_62369\"
		Debug.AspNetCompiler.Updateable = "true"
		Debug.AspNetCompiler.ForceOverwrite = "true"
		Debug.AspNetCompiler.FixedNames = "false"
		Debug.AspNetCompiler.Debug = "True"
		Release.AspNetCompiler.VirtualPath = "/localhost_62369"
		Release.AspNetCompiler.PhysicalPath = "P04_HTML_Linkler\"
		Release.AspNetCompiler.TargetPath = "PrecompiledWeb\localhost_62369\"
		Release.AspNetCompiler.Updateable = "true"
		Release.AspNetCompiler.ForceOverwrite = "true"
		Release.AspNetCompiler.FixedNames = "false"
		Release.AspNetCompiler.Debug = "False"
		VWDPort = "62369"
		SlnRelativePath = "P04_HTML_Linkler\"
		DefaultWebSiteLanguage = "Visual C#"
	EndProjectSection
EndProject
Project("{E24C65DC-7377-472B-9ABA-BC803B73C61A}") = "P05_HTML_Multimedia", "P05_HTML_Multimedia\", "{9869171B-4666-404C-83EF-3FF3BC5463B4}"
	ProjectSection(WebsiteProperties) = preProject
		TargetFrameworkMoniker = ".NETFramework,Version%3Dv4.8"
		Debug.AspNetCompiler.VirtualPath = "/localhost_64012"
		Debug.AspNetCompiler.PhysicalPath = "P05_HTML_Multimedia\"
		Debug.AspNetCompiler.TargetPath = "PrecompiledWeb\localhost_64012\"
		Debug.AspNetCompiler.Updateable = "true"
		Debug.AspNetCompiler.ForceOverwrite = "true"
		Debug.AspNetCompiler.FixedNames = "false"
		Debug.AspNetCompiler.Debug = "True"
		Release.AspNetCompiler.VirtualPath = "/localhost_64012"
		Release.AspNetCompiler.PhysicalPath = "P05_HTML_Multimedia\"
		Release.AspNetCompiler.TargetPath = "PrecompiledWeb\localhost_64012\"
		Release.AspNetCompiler.Updateable = "true"
		Release.AspNetCompiler.ForceOverwrite = "true"
		Release.AspNetCompiler.FixedNames = "false"
		Release.AspNetCompiler.Debug = "False"
		VWDPort = "64012"
		SlnRelativePath = "P05_HTML_Multimedia\"
		DefaultWebSiteLanguage = "Visual C#"
	EndProjectSection
EndProject
Global
	GlobalSection(SolutionConfigurationPlatforms) = preSolution
		Debug|Any CPU = Debug|Any CPU
		Release|Any CPU = Release|Any CPU
	EndGlobalSection
	GlobalSection(ProjectConfigurationPlatforms) = postSolution
		{8C379881-A61E-4459-8802-64394EAA8CC8}.Debug|Any CPU.ActiveCfg = Debug|Any CPU
		{8C379881-A61E-4459-8802-64394EAA8CC8}.Debug|Any CPU.Build.0 = Debug|Any CPU
		{8C379881-A61E-4459-8802-64394EAA8CC8}.Release|Any CPU.ActiveCfg = Release|Any CPU
		{8C379881-A61E-4459-8802-64394EAA8CC8}.Release|Any CPU.Build.0 = Release|Any CPU
		{FB4F54E9-23FA-4150-AF7D-3B9CA9406E1B}.Debug|Any CPU.ActiveCfg = Debug|Any CPU
		{FB4F54E9-23FA-4150-AF7D-3B9CA9406E1B}.Debug|Any CPU.Build.0 = Debug|Any CPU
		{FB4F54E9-23FA-4150-AF7D-3B9CA9406E1B}.Release|Any CPU.ActiveCfg = Debug|Any CPU
		{FB4F54E9-23FA-4150-AF7D-3B9CA9406E1B}.Release|Any CPU.Build.0 = Debug|Any CPU
		{B114FA05-2AA2-42E0-A01D-191472386B27}.Debug|Any CPU.ActiveCfg = Debug|Any CPU
		{B114FA05-2AA2-42E0-A01D-191472386B27}.Debug|Any CPU.Build.0 = Debug|Any CPU
		{B114FA05-2AA2-42E0-A01D-191472386B27}.Release|Any CPU.ActiveCfg = Debug|Any CPU
		{B114FA05-2AA2-42E0-A01D-191472386B27}.Release|Any CPU.Build.0 = Debug|Any CPU
		{B61775F2-F5B3-4C58-A4C4-730E98EF3585}.Debug|Any CPU.ActiveCfg = Debug|Any CPU
		{B61775F2-F5B3-4C58-A4C4-730E98EF3585}.Debug|Any CPU.Build.0 = Debug|Any CPU
		{B61775F2-F5B3-4C58-A4C4-730E98EF3585}.Release|Any CPU.ActiveCfg = Debug|Any CPU
		{B61775F2-F5B3-4C58-A4C4-730E98EF3585}.Release|Any CPU.Build.0 = Debug|Any CPU
		{9869171B-4666-404C-83EF-3FF3BC5463B4}.Debug|Any CPU.ActiveCfg = Debug|Any CPU
		{9869171B-4666-404C-83EF-3FF3BC5463B4}.Debug|Any CPU.Build.0 = Debug|Any CPU
		{9869171B-4666-404C-83EF-3FF3BC5463B4}.Release|Any CPU.ActiveCfg = Debug|Any CPU
		{9869171B-4666-404C-83EF-3FF3BC5463B4}.Release|Any CPU.Build.0 = Debug|Any CPU
	EndGlobalSection
	GlobalSection(SolutionProperties) = preSolution
		HideSolutionNode = FALSE
	EndGlobalSection
	GlobalSection(ExtensibilityGlobals) = postSolution
		SolutionGuid = {6BE33E7E-4C19-4DA0-8355-BEA13F1B13D5}
	EndGlobalSection
EndGlobal
